
Microsoft Visual Studio Solution File, Format Version 12.00
# Visual Studio Express 15 for Windows Desktop
VisualStudioVersion = 15.0.28307.645
MinimumVisualStudioVersion = 10.0.40219.1
Project("{FAE04EC0-301F-11D3-BF4B-00C04F79EFBC}") = "ManipulacaoDeArquivos", "Licao3\ManipulacaoDeArquivos.csproj", "{ED826626-593C-462F-9214-79925AE01F25}"
EndProject
Global
	GlobalSection(SolutionConfigurationPlatforms) = preSolution
		Debug|Any CPU = Debug|Any CPU
		Release|Any CPU = Release|Any CPU
	EndGlobalSection
	GlobalSection(ProjectConfigurationPlatforms) = postSolution
		{ED826626-593C-462F-9214-79925AE01F25}.Debug|Any CPU.ActiveCfg = Debug|Any CPU
		{ED826626-593C-462F-9214-79925AE01F25}.Debug|Any CPU.Build.0 = Debug|Any CPU
		{ED826626-593C-462F-9214-79925AE01F25}.Release|Any CPU.ActiveCfg = Release|Any CPU
		{ED826626-593C-462F-9214-79925AE01F25}.Release|Any CPU.Build.0 = Release|Any CPU
	EndGlobalSection
	GlobalSection(SolutionProperties) = preSolution
		HideSolutionNode = FALSE
	EndGlobalSection
	GlobalSection(ExtensibilityGlobals) = postSolution
		SolutionGuid = {3E0C5EF2-CE34-4E8D-97C4-3510318150DB}
	EndGlobalSection
EndGlobal
